// !$*UTF8*$!
{
	archiveVersion = 1;
	classes = {
	};
	objectVersion = 51;
	objects = {

/* Begin PBXBuildFile section */
		73D08E9CB909DB51A602E4A9 /* Pods_Parstagram.framework in Frameworks */ = {isa = PBXBuildFile; fileRef = B6B5BA1F46B4C3CF79E3C0DA /* Pods_Parstagram.framework */; };
		9FE63ED736B7666D4B4559D9 /* Pods_Parstagram_ParstagramUITests.framework in Frameworks */ = {isa = PBXBuildFile; fileRef = 7A288A550A63D9DDC9E2BD23 /* Pods_Parstagram_ParstagramUITests.framework */; };
		EB5F2E829646B900B8518044 /* Pods_ParstagramTests.framework in Frameworks */ = {isa = PBXBuildFile; fileRef = ADF6ECAAAF216E2204C04797 /* Pods_ParstagramTests.framework */; };
		FA29A5C9237C64C500E1F2E8 /* CameraViewController.swift in Sources */ = {isa = PBXBuildFile; fileRef = FA29A5C8237C64C500E1F2E8 /* CameraViewController.swift */; };
		FA40D5B8237A7F9500493E1C /* AppDelegate.swift in Sources */ = {isa = PBXBuildFile; fileRef = FA40D5B7237A7F9500493E1C /* AppDelegate.swift */; };
		FA40D5BA237A7F9500493E1C /* SceneDelegate.swift in Sources */ = {isa = PBXBuildFile; fileRef = FA40D5B9237A7F9500493E1C /* SceneDelegate.swift */; };
		FA40D5BC237A7F9500493E1C /* ContentView.swift in Sources */ = {isa = PBXBuildFile; fileRef = FA40D5BB237A7F9500493E1C /* ContentView.swift */; };
		FA40D5BE237A7F9A00493E1C /* Assets.xcassets in Resources */ = {isa = PBXBuildFile; fileRef = FA40D5BD237A7F9A00493E1C /* Assets.xcassets */; };
		FA40D5C1237A7F9A00493E1C /* Preview Assets.xcassets in Resources */ = {isa = PBXBuildFile; fileRef = FA40D5C0237A7F9A00493E1C /* Preview Assets.xcassets */; };
		FA40D5C4237A7F9A00493E1C /* LaunchScreen.storyboard in Resources */ = {isa = PBXBuildFile; fileRef = FA40D5C2237A7F9A00493E1C /* LaunchScreen.storyboard */; };
		FA40D5CF237A7F9A00493E1C /* ParstagramTests.swift in Sources */ = {isa = PBXBuildFile; fileRef = FA40D5CE237A7F9A00493E1C /* ParstagramTests.swift */; };
		FA40D5DA237A7F9A00493E1C /* ParstagramUITests.swift in Sources */ = {isa = PBXBuildFile; fileRef = FA40D5D9237A7F9A00493E1C /* ParstagramUITests.swift */; };
		FA6EE9D2237A856A003D5E0A /* Main.storyboard in Resources */ = {isa = PBXBuildFile; fileRef = FA6EE9D1237A856A003D5E0A /* Main.storyboard */; };
		FA6EE9D4237A86BF003D5E0A /* FeedViewController.swift in Sources */ = {isa = PBXBuildFile; fileRef = FA6EE9D3237A86BF003D5E0A /* FeedViewController.swift */; };
		FA6EE9D6237A86CC003D5E0A /* LoginViewController.swift in Sources */ = {isa = PBXBuildFile; fileRef = FA6EE9D5237A86CC003D5E0A /* LoginViewController.swift */; };
		FAECB2DB2381077F00DABFCC /* PostCell.swift in Sources */ = {isa = PBXBuildFile; fileRef = FAECB2DA2381077F00DABFCC /* PostCell.swift */; };
/* End PBXBuildFile section */

/* Begin PBXContainerItemProxy section */
		FA40D5CB237A7F9A00493E1C /* PBXContainerItemProxy */ = {
			isa = PBXContainerItemProxy;
			containerPortal = FA40D5AC237A7F9500493E1C /* Project object */;
			proxyType = 1;
			remoteGlobalIDString = FA40D5B3237A7F9500493E1C;
			remoteInfo = Parstagram;
		};
		FA40D5D6237A7F9A00493E1C /* PBXContainerItemProxy */ = {
			isa = PBXContainerItemProxy;
			containerPortal = FA40D5AC237A7F9500493E1C /* Project object */;
			proxyType = 1;
			remoteGlobalIDString = FA40D5B3237A7F9500493E1C;
			remoteInfo = Parstagram;
		};
/* End PBXContainerItemProxy section */

/* Begin PBXFileReference section */
		415AFDA901EF3E5396648DC5 /* Pods-Parstagram.release.xcconfig */ = {isa = PBXFileReference; includeInIndex = 1; lastKnownFileType = text.xcconfig; name = "Pods-Parstagram.release.xcconfig"; path = "Target Support Files/Pods-Parstagram/Pods-Parstagram.release.xcconfig"; sourceTree = "<group>"; };
		54C1FCADF1870DF2F01E8C75 /* Pods-ParstagramTests.release.xcconfig */ = {isa = PBXFileReference; includeInIndex = 1; lastKnownFileType = text.xcconfig; name = "Pods-ParstagramTests.release.xcconfig"; path = "Target Support Files/Pods-ParstagramTests/Pods-ParstagramTests.release.xcconfig"; sourceTree = "<group>"; };
		7A288A550A63D9DDC9E2BD23 /* Pods_Parstagram_ParstagramUITests.framework */ = {isa = PBXFileReference; explicitFileType = wrapper.framework; includeInIndex = 0; path = Pods_Parstagram_ParstagramUITests.framework; sourceTree = BUILT_PRODUCTS_DIR; };
		9296A63234970325F164FF0A /* Pods-Parstagram.debug.xcconfig */ = {isa = PBXFileReference; includeInIndex = 1; lastKnownFileType = text.xcconfig; name = "Pods-Parstagram.debug.xcconfig"; path = "Target Support Files/Pods-Parstagram/Pods-Parstagram.debug.xcconfig"; sourceTree = "<group>"; };
		ADF6ECAAAF216E2204C04797 /* Pods_ParstagramTests.framework */ = {isa = PBXFileReference; explicitFileType = wrapper.framework; includeInIndex = 0; path = Pods_ParstagramTests.framework; sourceTree = BUILT_PRODUCTS_DIR; };
		B6B5BA1F46B4C3CF79E3C0DA /* Pods_Parstagram.framework */ = {isa = PBXFileReference; explicitFileType = wrapper.framework; includeInIndex = 0; path = Pods_Parstagram.framework; sourceTree = BUILT_PRODUCTS_DIR; };
		BEC1CDC32B0AC71FE31CE29C /* Pods-ParstagramTests.debug.xcconfig */ = {isa = PBXFileReference; includeInIndex = 1; lastKnownFileType = text.xcconfig; name = "Pods-ParstagramTests.debug.xcconfig"; path = "Target Support Files/Pods-ParstagramTests/Pods-ParstagramTests.debug.xcconfig"; sourceTree = "<group>"; };
		DE8B5B22BBBAAE8D27765B00 /* Pods-Parstagram-ParstagramUITests.debug.xcconfig */ = {isa = PBXFileReference; includeInIndex = 1; lastKnownFileType = text.xcconfig; name = "Pods-Parstagram-ParstagramUITests.debug.xcconfig"; path = "Target Support Files/Pods-Parstagram-ParstagramUITests/Pods-Parstagram-ParstagramUITests.debug.xcconfig"; sourceTree = "<group>"; };
		E53EAE30314D59D213F2EC3A /* Pods-Parstagram-ParstagramUITests.release.xcconfig */ = {isa = PBXFileReference; includeInIndex = 1; lastKnownFileType = text.xcconfig; name = "Pods-Parstagram-ParstagramUITests.release.xcconfig"; path = "Target Support Files/Pods-Parstagram-ParstagramUITests/Pods-Parstagram-ParstagramUITests.release.xcconfig"; sourceTree = "<group>"; };
		FA29A5C8237C64C500E1F2E8 /* CameraViewController.swift */ = {isa = PBXFileReference; lastKnownFileType = sourcecode.swift; path = CameraViewController.swift; sourceTree = "<group>"; };
		FA40D5B4237A7F9500493E1C /* Parstagram.app */ = {isa = PBXFileReference; explicitFileType = wrapper.application; includeInIndex = 0; path = Parstagram.app; sourceTree = BUILT_PRODUCTS_DIR; };
		FA40D5B7237A7F9500493E1C /* AppDelegate.swift */ = {isa = PBXFileReference; lastKnownFileType = sourcecode.swift; path = AppDelegate.swift; sourceTree = "<group>"; };
		FA40D5B9237A7F9500493E1C /* SceneDelegate.swift */ = {isa = PBXFileReference; lastKnownFileType = sourcecode.swift; path = SceneDelegate.swift; sourceTree = "<group>"; };
		FA40D5BB237A7F9500493E1C /* ContentView.swift */ = {isa = PBXFileReference; lastKnownFileType = sourcecode.swift; path = ContentView.swift; sourceTree = "<group>"; };
		FA40D5BD237A7F9A00493E1C /* Assets.xcassets */ = {isa = PBXFileReference; lastKnownFileType = folder.assetcatalog; path = Assets.xcassets; sourceTree = "<group>"; };
		FA40D5C0237A7F9A00493E1C /* Preview Assets.xcassets */ = {isa = PBXFileReference; lastKnownFileType = folder.assetcatalog; path = "Preview Assets.xcassets"; sourceTree = "<group>"; };
		FA40D5C3237A7F9A00493E1C /* Base */ = {isa = PBXFileReference; lastKnownFileType = file.storyboard; name = Base; path = Base.lproj/LaunchScreen.storyboard; sourceTree = "<group>"; };
		FA40D5C5237A7F9A00493E1C /* Info.plist */ = {isa = PBXFileReference; lastKnownFileType = text.plist.xml; path = Info.plist; sourceTree = "<group>"; };
		FA40D5CA237A7F9A00493E1C /* ParstagramTests.xctest */ = {isa = PBXFileReference; explicitFileType = wrapper.cfbundle; includeInIndex = 0; path = ParstagramTests.xctest; sourceTree = BUILT_PRODUCTS_DIR; };
		FA40D5CE237A7F9A00493E1C /* ParstagramTests.swift */ = {isa = PBXFileReference; lastKnownFileType = sourcecode.swift; path = ParstagramTests.swift; sourceTree = "<group>"; };
		FA40D5D0237A7F9A00493E1C /* Info.plist */ = {isa = PBXFileReference; lastKnownFileType = text.plist.xml; path = Info.plist; sourceTree = "<group>"; };
		FA40D5D5237A7F9A00493E1C /* ParstagramUITests.xctest */ = {isa = PBXFileReference; explicitFileType = wrapper.cfbundle; includeInIndex = 0; path = ParstagramUITests.xctest; sourceTree = BUILT_PRODUCTS_DIR; };
		FA40D5D9237A7F9A00493E1C /* ParstagramUITests.swift */ = {isa = PBXFileReference; lastKnownFileType = sourcecode.swift; path = ParstagramUITests.swift; sourceTree = "<group>"; };
		FA40D5DB237A7F9A00493E1C /* Info.plist */ = {isa = PBXFileReference; lastKnownFileType = text.plist.xml; path = Info.plist; sourceTree = "<group>"; };
		FA6EE9D1237A856A003D5E0A /* Main.storyboard */ = {isa = PBXFileReference; lastKnownFileType = file.storyboard; path = Main.storyboard; sourceTree = "<group>"; };
		FA6EE9D3237A86BF003D5E0A /* FeedViewController.swift */ = {isa = PBXFileReference; lastKnownFileType = sourcecode.swift; path = FeedViewController.swift; sourceTree = "<group>"; };
		FA6EE9D5237A86CC003D5E0A /* LoginViewController.swift */ = {isa = PBXFileReference; lastKnownFileType = sourcecode.swift; path = LoginViewController.swift; sourceTree = "<group>"; };
		FAECB2DA2381077F00DABFCC /* PostCell.swift */ = {isa = PBXFileReference; lastKnownFileType = sourcecode.swift; path = PostCell.swift; sourceTree = "<group>"; };
/* End PBXFileReference section */

/* Begin PBXFrameworksBuildPhase section */
		FA40D5B1237A7F9500493E1C /* Frameworks */ = {
			isa = PBXFrameworksBuildPhase;
			buildActionMask = 2147483647;
			files = (
				73D08E9CB909DB51A602E4A9 /* Pods_Parstagram.framework in Frameworks */,
			);
			runOnlyForDeploymentPostprocessing = 0;
		};
		FA40D5C7237A7F9A00493E1C /* Frameworks */ = {
			isa = PBXFrameworksBuildPhase;
			buildActionMask = 2147483647;
			files = (
				EB5F2E829646B900B8518044 /* Pods_ParstagramTests.framework in Frameworks */,
			);
			runOnlyForDeploymentPostprocessing = 0;
		};
		FA40D5D2237A7F9A00493E1C /* Frameworks */ = {
			isa = PBXFrameworksBuildPhase;
			buildActionMask = 2147483647;
			files = (
				9FE63ED736B7666D4B4559D9 /* Pods_Parstagram_ParstagramUITests.framework in Frameworks */,
			);
			runOnlyForDeploymentPostprocessing = 0;
		};
/* End PBXFrameworksBuildPhase section */

/* Begin PBXGroup section */
		63BD6C7C74749330C521C6C5 /* Frameworks */ = {
			isa = PBXGroup;
			children = (
				B6B5BA1F46B4C3CF79E3C0DA /* Pods_Parstagram.framework */,
				7A288A550A63D9DDC9E2BD23 /* Pods_Parstagram_ParstagramUITests.framework */,
				ADF6ECAAAF216E2204C04797 /* Pods_ParstagramTests.framework */,
			);
			name = Frameworks;
			sourceTree = "<group>";
		};
		D3E5064145037246E732EA80 /* Pods */ = {
			isa = PBXGroup;
			children = (
				9296A63234970325F164FF0A /* Pods-Parstagram.debug.xcconfig */,
				415AFDA901EF3E5396648DC5 /* Pods-Parstagram.release.xcconfig */,
				DE8B5B22BBBAAE8D27765B00 /* Pods-Parstagram-ParstagramUITests.debug.xcconfig */,
				E53EAE30314D59D213F2EC3A /* Pods-Parstagram-ParstagramUITests.release.xcconfig */,
				BEC1CDC32B0AC71FE31CE29C /* Pods-ParstagramTests.debug.xcconfig */,
				54C1FCADF1870DF2F01E8C75 /* Pods-ParstagramTests.release.xcconfig */,
			);
			path = Pods;
			sourceTree = "<group>";
		};
		FA40D5AB237A7F9500493E1C = {
			isa = PBXGroup;
			children = (
				FA40D5B6237A7F9500493E1C /* Parstagram */,
				FA40D5CD237A7F9A00493E1C /* ParstagramTests */,
				FA40D5D8237A7F9A00493E1C /* ParstagramUITests */,
				FA40D5B5237A7F9500493E1C /* Products */,
				D3E5064145037246E732EA80 /* Pods */,
				63BD6C7C74749330C521C6C5 /* Frameworks */,
			);
			sourceTree = "<group>";
		};
		FA40D5B5237A7F9500493E1C /* Products */ = {
			isa = PBXGroup;
			children = (
				FA40D5B4237A7F9500493E1C /* Parstagram.app */,
				FA40D5CA237A7F9A00493E1C /* ParstagramTests.xctest */,
				FA40D5D5237A7F9A00493E1C /* ParstagramUITests.xctest */,
			);
			name = Products;
			sourceTree = "<group>";
		};
		FA40D5B6237A7F9500493E1C /* Parstagram */ = {
			isa = PBXGroup;
			children = (
				FA40D5B7237A7F9500493E1C /* AppDelegate.swift */,
				FA40D5B9237A7F9500493E1C /* SceneDelegate.swift */,
				FA6EE9D1237A856A003D5E0A /* Main.storyboard */,
				FAECB2DA2381077F00DABFCC /* PostCell.swift */,
				FA6EE9D3237A86BF003D5E0A /* FeedViewController.swift */,
				FA6EE9D5237A86CC003D5E0A /* LoginViewController.swift */,
				FA40D5BB237A7F9500493E1C /* ContentView.swift */,
				FA40D5BD237A7F9A00493E1C /* Assets.xcassets */,
				FA40D5C2237A7F9A00493E1C /* LaunchScreen.storyboard */,
				FA40D5C5237A7F9A00493E1C /* Info.plist */,
				FA29A5C8237C64C500E1F2E8 /* CameraViewController.swift */,
				FA40D5BF237A7F9A00493E1C /* Preview Content */,
			);
			path = Parstagram;
			sourceTree = "<group>";
		};
		FA40D5BF237A7F9A00493E1C /* Preview Content */ = {
			isa = PBXGroup;
			children = (
				FA40D5C0237A7F9A00493E1C /* Preview Assets.xcassets */,
			);
			path = "Preview Content";
			sourceTree = "<group>";
		};
		FA40D5CD237A7F9A00493E1C /* ParstagramTests */ = {
			isa = PBXGroup;
			children = (
				FA40D5CE237A7F9A00493E1C /* ParstagramTests.swift */,
				FA40D5D0237A7F9A00493E1C /* Info.plist */,
			);
			path = ParstagramTests;
			sourceTree = "<group>";
		};
		FA40D5D8237A7F9A00493E1C /* ParstagramUITests */ = {
			isa = PBXGroup;
			children = (
				FA40D5D9237A7F9A00493E1C /* ParstagramUITests.swift */,
				FA40D5DB237A7F9A00493E1C /* Info.plist */,
			);
			path = ParstagramUITests;
			sourceTree = "<group>";
		};
/* End PBXGroup section */

/* Begin PBXNativeTarget section */
		FA40D5B3237A7F9500493E1C /* Parstagram */ = {
			isa = PBXNativeTarget;
			buildConfigurationList = FA40D5DE237A7F9A00493E1C /* Build configuration list for PBXNativeTarget "Parstagram" */;
			buildPhases = (
				03A05E471367EC22DC7D4D08 /* [CP] Check Pods Manifest.lock */,
				FA40D5B0237A7F9500493E1C /* Sources */,
				FA40D5B1237A7F9500493E1C /* Frameworks */,
				FA40D5B2237A7F9500493E1C /* Resources */,
				1C02497B60297C8F51E1E8B6 /* [CP] Embed Pods Frameworks */,
			);
			buildRules = (
			);
			dependencies = (
			);
			name = Parstagram;
			productName = Parstagram;
			productReference = FA40D5B4237A7F9500493E1C /* Parstagram.app */;
			productType = "com.apple.product-type.application";
		};
		FA40D5C9237A7F9A00493E1C /* ParstagramTests */ = {
			isa = PBXNativeTarget;
			buildConfigurationList = FA40D5E1237A7F9A00493E1C /* Build configuration list for PBXNativeTarget "ParstagramTests" */;
			buildPhases = (
				C2B62ECF9FB16CFF6EA69390 /* [CP] Check Pods Manifest.lock */,
				FA40D5C6237A7F9A00493E1C /* Sources */,
				FA40D5C7237A7F9A00493E1C /* Frameworks */,
				FA40D5C8237A7F9A00493E1C /* Resources */,
			);
			buildRules = (
			);
			dependencies = (
				FA40D5CC237A7F9A00493E1C /* PBXTargetDependency */,
			);
			name = ParstagramTests;
			productName = ParstagramTests;
			productReference = FA40D5CA237A7F9A00493E1C /* ParstagramTests.xctest */;
			productType = "com.apple.product-type.bundle.unit-test";
		};
		FA40D5D4237A7F9A00493E1C /* ParstagramUITests */ = {
			isa = PBXNativeTarget;
			buildConfigurationList = FA40D5E4237A7F9A00493E1C /* Build configuration list for PBXNativeTarget "ParstagramUITests" */;
			buildPhases = (
				29A7836E4B19B1F5E8D11369 /* [CP] Check Pods Manifest.lock */,
				FA40D5D1237A7F9A00493E1C /* Sources */,
				FA40D5D2237A7F9A00493E1C /* Frameworks */,
				FA40D5D3237A7F9A00493E1C /* Resources */,
				E7ECA371A19470FD6DDED287 /* [CP] Embed Pods Frameworks */,
			);
			buildRules = (
			);
			dependencies = (
				FA40D5D7237A7F9A00493E1C /* PBXTargetDependency */,
			);
			name = ParstagramUITests;
			productName = ParstagramUITests;
			productReference = FA40D5D5237A7F9A00493E1C /* ParstagramUITests.xctest */;
			productType = "com.apple.product-type.bundle.ui-testing";
		};
/* End PBXNativeTarget section */

/* Begin PBXProject section */
		FA40D5AC237A7F9500493E1C /* Project object */ = {
			isa = PBXProject;
			attributes = {
				LastSwiftUpdateCheck = 1120;
				LastUpgradeCheck = 1120;
				ORGANIZATIONNAME = "Miko James";
				TargetAttributes = {
					FA40D5B3237A7F9500493E1C = {
						CreatedOnToolsVersion = 11.2;
					};
					FA40D5C9237A7F9A00493E1C = {
						CreatedOnToolsVersion = 11.2;
						TestTargetID = FA40D5B3237A7F9500493E1C;
					};
					FA40D5D4237A7F9A00493E1C = {
						CreatedOnToolsVersion = 11.2;
						TestTargetID = FA40D5B3237A7F9500493E1C;
					};
				};
			};
			buildConfigurationList = FA40D5AF237A7F9500493E1C /* Build configuration list for PBXProject "Parstagram" */;
			compatibilityVersion = "Xcode 9.3";
			developmentRegion = en;
			hasScannedForEncodings = 0;
			knownRegions = (
				en,
				Base,
			);
			mainGroup = FA40D5AB237A7F9500493E1C;
			productRefGroup = FA40D5B5237A7F9500493E1C /* Products */;
			projectDirPath = "";
			projectRoot = "";
			targets = (
				FA40D5B3237A7F9500493E1C /* Parstagram */,
				FA40D5C9237A7F9A00493E1C /* ParstagramTests */,
				FA40D5D4237A7F9A00493E1C /* ParstagramUITests */,
			);
		};
/* End PBXProject section */

/* Begin PBXResourcesBuildPhase section */
		FA40D5B2237A7F9500493E1C /* Resources */ = {
			isa = PBXResourcesBuildPhase;
			buildActionMask = 2147483647;
			files = (
				FA40D5C4237A7F9A00493E1C /* LaunchScreen.storyboard in Resources */,
				FA40D5C1237A7F9A00493E1C /* Preview Assets.xcassets in Resources */,
				FA40D5BE237A7F9A00493E1C /* Assets.xcassets in Resources */,
				FA6EE9D2237A856A003D5E0A /* Main.storyboard in Resources */,
			);
			runOnlyForDeploymentPostprocessing = 0;
		};
		FA40D5C8237A7F9A00493E1C /* Resources */ = {
			isa = PBXResourcesBuildPhase;
			buildActionMask = 2147483647;
			files = (
			);
			runOnlyForDeploymentPostprocessing = 0;
		};
		FA40D5D3237A7F9A00493E1C /* Resources */ = {
			isa = PBXResourcesBuildPhase;
			buildActionMask = 2147483647;
			files = (
			);
			runOnlyForDeploymentPostprocessing = 0;
		};
/* End PBXResourcesBuildPhase section */

/* Begin PBXShellScriptBuildPhase section */
		03A05E471367EC22DC7D4D08 /* [CP] Check Pods Manifest.lock */ = {
			isa = PBXShellScriptBuildPhase;
			buildActionMask = 2147483647;
			files = (
			);
			inputFileListPaths = (
			);
			inputPaths = (
				"${PODS_PODFILE_DIR_PATH}/Podfile.lock",
				"${PODS_ROOT}/Manifest.lock",
			);
			name = "[CP] Check Pods Manifest.lock";
			outputFileListPaths = (
			);
			outputPaths = (
				"$(DERIVED_FILE_DIR)/Pods-Parstagram-checkManifestLockResult.txt",
			);
			runOnlyForDeploymentPostprocessing = 0;
			shellPath = /bin/sh;
			shellScript = "diff \"${PODS_PODFILE_DIR_PATH}/Podfile.lock\" \"${PODS_ROOT}/Manifest.lock\" > /dev/null\nif [ $? != 0 ] ; then\n    # print error to STDERR\n    echo \"error: The sandbox is not in sync with the Podfile.lock. Run 'pod install' or update your CocoaPods installation.\" >&2\n    exit 1\nfi\n# This output is used by Xcode 'outputs' to avoid re-running this script phase.\necho \"SUCCESS\" > \"${SCRIPT_OUTPUT_FILE_0}\"\n";
			showEnvVarsInLog = 0;
		};
		1C02497B60297C8F51E1E8B6 /* [CP] Embed Pods Frameworks */ = {
			isa = PBXShellScriptBuildPhase;
			buildActionMask = 2147483647;
			files = (
			);
			inputFileListPaths = (
				"${PODS_ROOT}/Target Support Files/Pods-Parstagram/Pods-Parstagram-frameworks-${CONFIGURATION}-input-files.xcfilelist",
			);
			name = "[CP] Embed Pods Frameworks";
			outputFileListPaths = (
				"${PODS_ROOT}/Target Support Files/Pods-Parstagram/Pods-Parstagram-frameworks-${CONFIGURATION}-output-files.xcfilelist",
			);
			runOnlyForDeploymentPostprocessing = 0;
			shellPath = /bin/sh;
			shellScript = "\"${PODS_ROOT}/Target Support Files/Pods-Parstagram/Pods-Parstagram-frameworks.sh\"\n";
			showEnvVarsInLog = 0;
		};
		29A7836E4B19B1F5E8D11369 /* [CP] Check Pods Manifest.lock */ = {
			isa = PBXShellScriptBuildPhase;
			buildActionMask = 2147483647;
			files = (
			);
			inputFileListPaths = (
			);
			inputPaths = (
				"${PODS_PODFILE_DIR_PATH}/Podfile.lock",
				"${PODS_ROOT}/Manifest.lock",
			);
			name = "[CP] Check Pods Manifest.lock";
			outputFileListPaths = (
			);
			outputPaths = (
				"$(DERIVED_FILE_DIR)/Pods-Parstagram-ParstagramUITests-checkManifestLockResult.txt",
			);
			runOnlyForDeploymentPostprocessing = 0;
			shellPath = /bin/sh;
			shellScript = "diff \"${PODS_PODFILE_DIR_PATH}/Podfile.lock\" \"${PODS_ROOT}/Manifest.lock\" > /dev/null\nif [ $? != 0 ] ; then\n    # print error to STDERR\n    echo \"error: The sandbox is not in sync with the Podfile.lock. Run 'pod install' or update your CocoaPods installation.\" >&2\n    exit 1\nfi\n# This output is used by Xcode 'outputs' to avoid re-running this script phase.\necho \"SUCCESS\" > \"${SCRIPT_OUTPUT_FILE_0}\"\n";
			showEnvVarsInLog = 0;
		};
		C2B62ECF9FB16CFF6EA69390 /* [CP] Check Pods Manifest.lock */ = {
			isa = PBXShellScriptBuildPhase;
			buildActionMask = 2147483647;
			files = (
			);
			inputFileListPaths = (
			);
			inputPaths = (
				"${PODS_PODFILE_DIR_PATH}/Podfile.lock",
				"${PODS_ROOT}/Manifest.lock",
			);
			name = "[CP] Check Pods Manifest.lock";
			outputFileListPaths = (
			);
			outputPaths = (
				"$(DERIVED_FILE_DIR)/Pods-ParstagramTests-checkManifestLockResult.txt",
			);
			runOnlyForDeploymentPostprocessing = 0;
			shellPath = /bin/sh;
			shellScript = "diff \"${PODS_PODFILE_DIR_PATH}/Podfile.lock\" \"${PODS_ROOT}/Manifest.lock\" > /dev/null\nif [ $? != 0 ] ; then\n    # print error to STDERR\n    echo \"error: The sandbox is not in sync with the Podfile.lock. Run 'pod install' or update your CocoaPods installation.\" >&2\n    exit 1\nfi\n# This output is used by Xcode 'outputs' to avoid re-running this script phase.\necho \"SUCCESS\" > \"${SCRIPT_OUTPUT_FILE_0}\"\n";
			showEnvVarsInLog = 0;
		};
		E7ECA371A19470FD6DDED287 /* [CP] Embed Pods Frameworks */ = {
			isa = PBXShellScriptBuildPhase;
			buildActionMask = 2147483647;
			files = (
			);
			inputFileListPaths = (
				"${PODS_ROOT}/Target Support Files/Pods-Parstagram-ParstagramUITests/Pods-Parstagram-ParstagramUITests-frameworks-${CONFIGURATION}-input-files.xcfilelist",
			);
			name = "[CP] Embed Pods Frameworks";
			outputFileListPaths = (
				"${PODS_ROOT}/Target Support Files/Pods-Parstagram-ParstagramUITests/Pods-Parstagram-ParstagramUITests-frameworks-${CONFIGURATION}-output-files.xcfilelist",
			);
			runOnlyForDeploymentPostprocessing = 0;
			shellPath = /bin/sh;
			shellScript = "\"${PODS_ROOT}/Target Support Files/Pods-Parstagram-ParstagramUITests/Pods-Parstagram-ParstagramUITests-frameworks.sh\"\n";
			showEnvVarsInLog = 0;
		};
/* End PBXShellScriptBuildPhase section */

/* Begin PBXSourcesBuildPhase section */
		FA40D5B0237A7F9500493E1C /* Sources */ = {
			isa = PBXSourcesBuildPhase;
			buildActionMask = 2147483647;
			files = (
				FAECB2DB2381077F00DABFCC /* PostCell.swift in Sources */,
				FA40D5B8237A7F9500493E1C /* AppDelegate.swift in Sources */,
				FA40D5BA237A7F9500493E1C /* SceneDelegate.swift in Sources */,
				FA6EE9D4237A86BF003D5E0A /* FeedViewController.swift in Sources */,
				FA6EE9D6237A86CC003D5E0A /* LoginViewController.swift in Sources */,
				FA40D5BC237A7F9500493E1C /* ContentView.swift in Sources */,
				FA29A5C9237C64C500E1F2E8 /* CameraViewController.swift in Sources */,
			);
			runOnlyForDeploymentPostprocessing = 0;
		};
		FA40D5C6237A7F9A00493E1C /* Sources */ = {
			isa = PBXSourcesBuildPhase;
			buildActionMask = 2147483647;
			files = (
				FA40D5CF237A7F9A00493E1C /* ParstagramTests.swift in Sources */,
			);
			runOnlyForDeploymentPostprocessing = 0;
		};
		FA40D5D1237A7F9A00493E1C /* Sources */ = {
			isa = PBXSourcesBuildPhase;
			buildActionMask = 2147483647;
			files = (
				FA40D5DA237A7F9A00493E1C /* ParstagramUITests.swift in Sources */,
			);
			runOnlyForDeploymentPostprocessing = 0;
		};
/* End PBXSourcesBuildPhase section */

/* Begin PBXTargetDependency section */
		FA40D5CC237A7F9A00493E1C /* PBXTargetDependency */ = {
			isa = PBXTargetDependency;
			target = FA40D5B3237A7F9500493E1C /* Parstagram */;
			targetProxy = FA40D5CB237A7F9A00493E1C /* PBXContainerItemProxy */;
		};
		FA40D5D7237A7F9A00493E1C /* PBXTargetDependency */ = {
			isa = PBXTargetDependency;
			target = FA40D5B3237A7F9500493E1C /* Parstagram */;
			targetProxy = FA40D5D6237A7F9A00493E1C /* PBXContainerItemProxy */;
		};
/* End PBXTargetDependency section */

/* Begin PBXVariantGroup section */
		FA40D5C2237A7F9A00493E1C /* LaunchScreen.storyboard */ = {
			isa = PBXVariantGroup;
			children = (
				FA40D5C3237A7F9A00493E1C /* Base */,
			);
			name = LaunchScreen.storyboard;
			sourceTree = "<group>";
		};
/* End PBXVariantGroup section */

/* Begin XCBuildConfiguration section */
		FA40D5DC237A7F9A00493E1C /* Debug */ = {
			isa = XCBuildConfiguration;
			buildSettings = {
				ALWAYS_SEARCH_USER_PATHS = NO;
				CLANG_ANALYZER_NONNULL = YES;
				CLANG_ANALYZER_NUMBER_OBJECT_CONVERSION = YES_AGGRESSIVE;
				CLANG_CXX_LANGUAGE_STANDARD = "gnu++14";
				CLANG_CXX_LIBRARY = "libc++";
				CLANG_ENABLE_MODULES = YES;
				CLANG_ENABLE_OBJC_ARC = YES;
				CLANG_ENABLE_OBJC_WEAK = YES;
				CLANG_WARN_BLOCK_CAPTURE_AUTORELEASING = YES;
				CLANG_WARN_BOOL_CONVERSION = YES;
				CLANG_WARN_COMMA = YES;
				CLANG_WARN_CONSTANT_CONVERSION = YES;
				CLANG_WARN_DEPRECATED_OBJC_IMPLEMENTATIONS = YES;
				CLANG_WARN_DIRECT_OBJC_ISA_USAGE = YES_ERROR;
				CLANG_WARN_DOCUMENTATION_COMMENTS = YES;
				CLANG_WARN_EMPTY_BODY = YES;
				CLANG_WARN_ENUM_CONVERSION = YES;
				CLANG_WARN_INFINITE_RECURSION = YES;
				CLANG_WARN_INT_CONVERSION = YES;
				CLANG_WARN_NON_LITERAL_NULL_CONVERSION = YES;
				CLANG_WARN_OBJC_IMPLICIT_RETAIN_SELF = YES;
				CLANG_WARN_OBJC_LITERAL_CONVERSION = YES;
				CLANG_WARN_OBJC_ROOT_CLASS = YES_ERROR;
				CLANG_WARN_RANGE_LOOP_ANALYSIS = YES;
				CLANG_WARN_STRICT_PROTOTYPES = YES;
				CLANG_WARN_SUSPICIOUS_MOVE = YES;
				CLANG_WARN_UNGUARDED_AVAILABILITY = YES_AGGRESSIVE;
				CLANG_WARN_UNREACHABLE_CODE = YES;
				CLANG_WARN__DUPLICATE_METHOD_MATCH = YES;
				COPY_PHASE_STRIP = NO;
				DEBUG_INFORMATION_FORMAT = dwarf;
				ENABLE_STRICT_OBJC_MSGSEND = YES;
				ENABLE_TESTABILITY = YES;
				GCC_C_LANGUAGE_STANDARD = gnu11;
				GCC_DYNAMIC_NO_PIC = NO;
				GCC_NO_COMMON_BLOCKS = YES;
				GCC_OPTIMIZATION_LEVEL = 0;
				GCC_PREPROCESSOR_DEFINITIONS = (
					"DEBUG=1",
					"$(inherited)",
				);
				GCC_WARN_64_TO_32_BIT_CONVERSION = YES;
				GCC_WARN_ABOUT_RETURN_TYPE = YES_ERROR;
				GCC_WARN_UNDECLARED_SELECTOR = YES;
				GCC_WARN_UNINITIALIZED_AUTOS = YES_AGGRESSIVE;
				GCC_WARN_UNUSED_FUNCTION = YES;
				GCC_WARN_UNUSED_VARIABLE = YES;
				IPHONEOS_DEPLOYMENT_TARGET = 13.2;
				MTL_ENABLE_DEBUG_INFO = INCLUDE_SOURCE;
				MTL_FAST_MATH = YES;
				ONLY_ACTIVE_ARCH = YES;
				SDKROOT = iphoneos;
				SWIFT_ACTIVE_COMPILATION_CONDITIONS = DEBUG;
				SWIFT_OPTIMIZATION_LEVEL = "-Onone";
			};
			name = Debug;
		};
		FA40D5DD237A7F9A00493E1C /* Release */ = {
			isa = XCBuildConfiguration;
			buildSettings = {
				ALWAYS_SEARCH_USER_PATHS = NO;
				CLANG_ANALYZER_NONNULL = YES;
				CLANG_ANALYZER_NUMBER_OBJECT_CONVERSION = YES_AGGRESSIVE;
				CLANG_CXX_LANGUAGE_STANDARD = "gnu++14";
				CLANG_CXX_LIBRARY = "libc++";
				CLANG_ENABLE_MODULES = YES;
				CLANG_ENABLE_OBJC_ARC = YES;
				CLANG_ENABLE_OBJC_WEAK = YES;
				CLANG_WARN_BLOCK_CAPTURE_AUTORELEASING = YES;
				CLANG_WARN_BOOL_CONVERSION = YES;
				CLANG_WARN_COMMA = YES;
				CLANG_WARN_CONSTANT_CONVERSION = YES;
				CLANG_WARN_DEPRECATED_OBJC_IMPLEMENTATIONS = YES;
				CLANG_WARN_DIRECT_OBJC_ISA_USAGE = YES_ERROR;
				CLANG_WARN_DOCUMENTATION_COMMENTS = YES;
				CLANG_WARN_EMPTY_BODY = YES;
				CLANG_WARN_ENUM_CONVERSION = YES;
				CLANG_WARN_INFINITE_RECURSION = YES;
				CLANG_WARN_INT_CONVERSION = YES;
				CLANG_WARN_NON_LITERAL_NULL_CONVERSION = YES;
				CLANG_WARN_OBJC_IMPLICIT_RETAIN_SELF = YES;
				CLANG_WARN_OBJC_LITERAL_CONVERSION = YES;
				CLANG_WARN_OBJC_ROOT_CLASS = YES_ERROR;
				CLANG_WARN_RANGE_LOOP_ANALYSIS = YES;
				CLANG_WARN_STRICT_PROTOTYPES = YES;
				CLANG_WARN_SUSPICIOUS_MOVE = YES;
				CLANG_WARN_UNGUARDED_AVAILABILITY = YES_AGGRESSIVE;
				CLANG_WARN_UNREACHABLE_CODE = YES;
				CLANG_WARN__DUPLICATE_METHOD_MATCH = YES;
				COPY_PHASE_STRIP = NO;
				DEBUG_INFORMATION_FORMAT = "dwarf-with-dsym";
				ENABLE_NS_ASSERTIONS = NO;
				ENABLE_STRICT_OBJC_MSGSEND = YES;
				GCC_C_LANGUAGE_STANDARD = gnu11;
				GCC_NO_COMMON_BLOCKS = YES;
				GCC_WARN_64_TO_32_BIT_CONVERSION = YES;
				GCC_WARN_ABOUT_RETURN_TYPE = YES_ERROR;
				GCC_WARN_UNDECLARED_SELECTOR = YES;
				GCC_WARN_UNINITIALIZED_AUTOS = YES_AGGRESSIVE;
				GCC_WARN_UNUSED_FUNCTION = YES;
				GCC_WARN_UNUSED_VARIABLE = YES;
				IPHONEOS_DEPLOYMENT_TARGET = 13.2;
				MTL_ENABLE_DEBUG_INFO = NO;
				MTL_FAST_MATH = YES;
				SDKROOT = iphoneos;
				SWIFT_COMPILATION_MODE = wholemodule;
				SWIFT_OPTIMIZATION_LEVEL = "-O";
				VALIDATE_PRODUCT = YES;
			};
			name = Release;
		};
		FA40D5DF237A7F9A00493E1C /* Debug */ = {
			isa = XCBuildConfiguration;
			baseConfigurationReference = 9296A63234970325F164FF0A /* Pods-Parstagram.debug.xcconfig */;
			buildSettings = {
				ASSETCATALOG_COMPILER_APPICON_NAME = AppIcon;
				CODE_SIGN_STYLE = Automatic;
				DEVELOPMENT_ASSET_PATHS = "\"Parstagram/Preview Content\"";
				ENABLE_PREVIEWS = YES;
				INFOPLIST_FILE = Parstagram/Info.plist;
				LD_RUNPATH_SEARCH_PATHS = (
					"$(inherited)",
					"@executable_path/Frameworks",
				);
				PRODUCT_BUNDLE_IDENTIFIER = KjamsProject.Parstagram;
				PRODUCT_NAME = "$(TARGET_NAME)";
				SWIFT_VERSION = 5.0;
				TARGETED_DEVICE_FAMILY = "1,2";
			};
			name = Debug;
		};
		FA40D5E0237A7F9A00493E1C /* Release */ = {
			isa = XCBuildConfiguration;
			baseConfigurationReference = 415AFDA901EF3E5396648DC5 /* Pods-Parstagram.release.xcconfig */;
			buildSettings = {
				ASSETCATALOG_COMPILER_APPICON_NAME = AppIcon;
				CODE_SIGN_STYLE = Automatic;
				DEVELOPMENT_ASSET_PATHS = "\"Parstagram/Preview Content\"";
				ENABLE_PREVIEWS = YES;
				INFOPLIST_FILE = Parstagram/Info.plist;
				LD_RUNPATH_SEARCH_PATHS = (
					"$(inherited)",
					"@executable_path/Frameworks",
				);
				PRODUCT_BUNDLE_IDENTIFIER = KjamsProject.Parstagram;
				PRODUCT_NAME = "$(TARGET_NAME)";
				SWIFT_VERSION = 5.0;
				TARGETED_DEVICE_FAMILY = "1,2";
			};
			name = Release;
		};
		FA40D5E2237A7F9A00493E1C /* Debug */ = {
			isa = XCBuildConfiguration;
			baseConfigurationReference = BEC1CDC32B0AC71FE31CE29C /* Pods-ParstagramTests.debug.xcconfig */;
			buildSettings = {
				ALWAYS_EMBED_SWIFT_STANDARD_LIBRARIES = YES;
				BUNDLE_LOADER = "$(TEST_HOST)";
				CODE_SIGN_STYLE = Automatic;
				INFOPLIST_FILE = ParstagramTests/Info.plist;
				IPHONEOS_DEPLOYMENT_TARGET = 13.2;
				LD_RUNPATH_SEARCH_PATHS = (
					"$(inherited)",
					"@executable_path/Frameworks",
					"@loader_path/Frameworks",
				);
				PRODUCT_BUNDLE_IDENTIFIER = KjamsProject.ParstagramTests;
				PRODUCT_NAME = "$(TARGET_NAME)";
				SWIFT_VERSION = 5.0;
				TARGETED_DEVICE_FAMILY = "1,2";
				TEST_HOST = "$(BUILT_PRODUCTS_DIR)/Parstagram.app/Parstagram";
			};
			name = Debug;
		};
		FA40D5E3237A7F9A00493E1C /* Release */ = {
			isa = XCBuildConfiguration;
			baseConfigurationReference = 54C1FCADF1870DF2F01E8C75 /* Pods-ParstagramTests.release.xcconfig */;
			buildSettings = {
				ALWAYS_EMBED_SWIFT_STANDARD_LIBRARIES = YES;
				BUNDLE_LOADER = "$(TEST_HOST)";
				CODE_SIGN_STYLE = Automatic;
				INFOPLIST_FILE = ParstagramTests/Info.plist;
				IPHONEOS_DEPLOYMENT_TARGET = 13.2;
				LD_RUNPATH_SEARCH_PATHS = (
					"$(inherited)",
					"@executable_path/Frameworks",
					"@loader_path/Frameworks",
				);
				PRODUCT_BUNDLE_IDENTIFIER = KjamsProject.ParstagramTests;
				PRODUCT_NAME = "$(TARGET_NAME)";
				SWIFT_VERSION = 5.0;
				TARGETED_DEVICE_FAMILY = "1,2";
				TEST_HOST = "$(BUILT_PRODUCTS_DIR)/Parstagram.app/Parstagram";
			};
			name = Release;
		};
		FA40D5E5237A7F9A00493E1C /* Debug */ = {
			isa = XCBuildConfiguration;
			baseConfigurationReference = DE8B5B22BBBAAE8D27765B00 /* Pods-Parstagram-ParstagramUITests.debug.xcconfig */;
			buildSettings = {
				ALWAYS_EMBED_SWIFT_STANDARD_LIBRARIES = YES;
				CODE_SIGN_STYLE = Automatic;
				INFOPLIST_FILE = ParstagramUITests/Info.plist;
				LD_RUNPATH_SEARCH_PATHS = (
					"$(inherited)",
					"@executable_path/Frameworks",
					"@loader_path/Frameworks",
				);
				PRODUCT_BUNDLE_IDENTIFIER = KjamsProject.ParstagramUITests;
				PRODUCT_NAME = "$(TARGET_NAME)";
				SWIFT_VERSION = 5.0;
				TARGETED_DEVICE_FAMILY = "1,2";
				TEST_TARGET_NAME = Parstagram;
			};
			name = Debug;
		};
		FA40D5E6237A7F9A00493E1C /* Release */ = {
			isa = XCBuildConfiguration;
			baseConfigurationReference = E53EAE30314D59D213F2EC3A /* Pods-Parstagram-ParstagramUITests.release.xcconfig */;
			buildSettings = {
				ALWAYS_EMBED_SWIFT_STANDARD_LIBRARIES = YES;
				CODE_SIGN_STYLE = Automatic;
				INFOPLIST_FILE = ParstagramUITests/Info.plist;
				LD_RUNPATH_SEARCH_PATHS = (
					"$(inherited)",
					"@executable_path/Frameworks",
					"@loader_path/Frameworks",
				);
				PRODUCT_BUNDLE_IDENTIFIER = KjamsProject.ParstagramUITests;
				PRODUCT_NAME = "$(TARGET_NAME)";
				SWIFT_VERSION = 5.0;
				TARGETED_DEVICE_FAMILY = "1,2";
				TEST_TARGET_NAME = Parstagram;
			};
			name = Release;
		};
/* End XCBuildConfiguration section */

/* Begin XCConfigurationList section */
		FA40D5AF237A7F9500493E1C /* Build configuration list for PBXProject "Parstagram" */ = {
			isa = XCConfigurationList;
			buildConfigurations = (
				FA40D5DC237A7F9A00493E1C /* Debug */,
				FA40D5DD237A7F9A00493E1C /* Release */,
			);
			defaultConfigurationIsVisible = 0;
			defaultConfigurationName = Release;
		};
		FA40D5DE237A7F9A00493E1C /* Build configuration list for PBXNativeTarget "Parstagram" */ = {
			isa = XCConfigurationList;
			buildConfigurations = (
				FA40D5DF237A7F9A00493E1C /* Debug */,
				FA40D5E0237A7F9A00493E1C /* Release */,
			);
			defaultConfigurationIsVisible = 0;
			defaultConfigurationName = Release;
		};
		FA40D5E1237A7F9A00493E1C /* Build configuration list for PBXNativeTarget "ParstagramTests" */ = {
			isa = XCConfigurationList;
			buildConfigurations = (
				FA40D5E2237A7F9A00493E1C /* Debug */,
				FA40D5E3237A7F9A00493E1C /* Release */,
			);
			defaultConfigurationIsVisible = 0;
			defaultConfigurationName = Release;
		};
		FA40D5E4237A7F9A00493E1C /* Build configuration list for PBXNativeTarget "ParstagramUITests" */ = {
			isa = XCConfigurationList;
			buildConfigurations = (
				FA40D5E5237A7F9A00493E1C /* Debug */,
				FA40D5E6237A7F9A00493E1C /* Release */,
			);
			defaultConfigurationIsVisible = 0;
			defaultConfigurationName = Release;
		};
/* End XCConfigurationList section */
	};
	rootObject = FA40D5AC237A7F9500493E1C /* Project object */;
}
